<Solution>
  <Project Path="MoreMountains.Tools.csproj" />
  <Project Path="DungeonArchitect.Modules.UI.csproj" />
  <Project Path="Assembly-CSharp.csproj" />
  <Project Path="DungeonArchitect.Modules.Flow.Implementations.csproj" />
  <Project Path="DungeonArchitect.Editor.csproj" />
  <Project Path="DungeonArchitect.Builders.csproj" />
  <Project Path="MoreMountains.Tools.Editor.csproj" />
  <Project Path="DungeonArchitect.Modules.Graph.csproj" />
  <Project Path="DungeonArchitect.ThirdParty.csproj" />
  <Project Path="DungeonArchitect.Samples.csproj" />
  <Project Path="MoreMountains.TopDownEngine.csproj" />
  <Project Path="DungeonArchitect.Core.csproj" />
  <Project Path="MoreMountains.InventoryEngine.csproj" />
  <Project Path="DungeonArchitect.Modules.Common.csproj" />
  <Project Path="DungeonArchitect.Modules.Grammar.csproj" />
  <Project Path="MoreMountains.Interface.csproj" />
  <Project Path="DungeonArchitect.Modules.Flow.csproj" />
  <Project Path="DungeonArchitect.LaunchPad.csproj" />
  <Project Path="DungeonArchitect.Modules.Navigation2D.csproj" />
  <Project Path="MoreMountains.InventoryEngine.Editor.csproj" />
  <Project Path="DungeonArchitect.Modules.SxEngine.csproj" />
  <Project Path="MoreMountains.TopDownEngine.InputSystem.csproj" />
  <Project Path="MoreMountains.TopDownEngine.Editor.csproj" />
  <Project Path="Assembly-CSharp-Editor.csproj" />
  <Project Path="DungeonArchitect.Modules.VisibilityGraph.csproj" />
  <Project Path="DungeonArchitect.Modules.Meshing.csproj" />
  <Project Path="MoreMountains.Interface.Editor.csproj" />
</Solution>
